<?xml version="1.0" encoding="utf-8"?>
<Project ToolsVersion="4.0" xmlns="http://schemas.microsoft.com/developer/msbuild/2003">
  <ItemGroup>
    <Filter Include="build">
      <UniqueIdentifier>{c4d8692c-fb05-4b73-8eae-5ab16ce4aa50}</UniqueIdentifier>
    </Filter>
  </ItemGroup>
  <ItemGroup>
    <ClCompile Include="..\source\outline2c.c">
      <Filter>build</Filter>
    </ClCompile>
  </ItemGroup>
  <ItemGroup>
    <ClInclude Include="..\source\ast.c" />
    <ClInclude Include="..\source\debug.c" />
    <ClInclude Include="..\source\filter.c" />
    <ClInclude Include="..\source\generate.c" />
    <ClInclude Include="..\source\lexer.c" />
    <ClInclude Include="..\source\list.c" />
    <ClInclude Include="..\source\lwl.c" />
    <ClInclude Include="..\source\main.c" />
    <ClInclude Include="..\source\out.c" />
    <ClInclude Include="..\source\parser.c" />
    <ClInclude Include="..\source\pool.c" />
    <ClInclude Include="..\source\scope.c" />
    <ClInclude Include="..\source\source.c" />
    <ClInclude Include="..\source\string.c" />
    <ClInclude Include="..\source\type.c" />
  </ItemGroup>
</Project>